
Microsoft Visual Studio Solution File, Format Version 12.00
# Visual Studio Version 16
VisualStudioVersion = 16.0.29215.179
MinimumVisualStudioVersion = 10.0.40219.1
Project("{8BC9CEB8-8B4A-11D0-8D11-00A0C91BC942}") = "Project01", "Project01\Project01.vcxproj", "{A053070F-35B9-4134-AB3D-72DE89C1B0B2}"
EndProject
Project("{8BC9CEB8-8B4A-11D0-8D11-00A0C91BC942}") = "ProjectADS", "ProjectADS\ProjectADS.vcxproj", "{8DF886C2-2F9A-4F8E-84F5-4BC9FDE36AB8}"
EndProject
Project("{8BC9CEB8-8B4A-11D0-8D11-00A0C91BC942}") = "IntegerProject", "IntegerProject\IntegerProject.vcxproj", "{CA15837C-79F6-4159-9BF2-B991A83A5AFC}"
EndProject
Global
	GlobalSection(SolutionConfigurationPlatforms) = preSolution
		Debug|x64 = Debug|x64
		Debug|x86 = Debug|x86
		Release|x64 = Release|x64
		Release|x86 = Release|x86
	EndGlobalSection
	GlobalSection(ProjectConfigurationPlatforms) = postSolution
		{A053070F-35B9-4134-AB3D-72DE89C1B0B2}.Debug|x64.ActiveCfg = Debug|x64
		{A053070F-35B9-4134-AB3D-72DE89C1B0B2}.Debug|x64.Build.0 = Debug|x64
		{A053070F-35B9-4134-AB3D-72DE89C1B0B2}.Debug|x86.ActiveCfg = Debug|Win32
		{A053070F-35B9-4134-AB3D-72DE89C1B0B2}.Debug|x86.Build.0 = Debug|Win32
		{A053070F-35B9-4134-AB3D-72DE89C1B0B2}.Release|x64.ActiveCfg = Release|x64
		{A053070F-35B9-4134-AB3D-72DE89C1B0B2}.Release|x64.Build.0 = Release|x64
		{A053070F-35B9-4134-AB3D-72DE89C1B0B2}.Release|x86.ActiveCfg = Release|Win32
		{A053070F-35B9-4134-AB3D-72DE89C1B0B2}.Release|x86.Build.0 = Release|Win32
		{8DF886C2-2F9A-4F8E-84F5-4BC9FDE36AB8}.Debug|x64.ActiveCfg = Debug|x64
		{8DF886C2-2F9A-4F8E-84F5-4BC9FDE36AB8}.Debug|x64.Build.0 = Debug|x64
		{8DF886C2-2F9A-4F8E-84F5-4BC9FDE36AB8}.Debug|x86.ActiveCfg = Debug|Win32
		{8DF886C2-2F9A-4F8E-84F5-4BC9FDE36AB8}.Debug|x86.Build.0 = Debug|Win32
		{8DF886C2-2F9A-4F8E-84F5-4BC9FDE36AB8}.Release|x64.ActiveCfg = Release|x64
		{8DF886C2-2F9A-4F8E-84F5-4BC9FDE36AB8}.Release|x64.Build.0 = Release|x64
		{8DF886C2-2F9A-4F8E-84F5-4BC9FDE36AB8}.Release|x86.ActiveCfg = Release|Win32
		{8DF886C2-2F9A-4F8E-84F5-4BC9FDE36AB8}.Release|x86.Build.0 = Release|Win32
		{CA15837C-79F6-4159-9BF2-B991A83A5AFC}.Debug|x64.ActiveCfg = Debug|x64
		{CA15837C-79F6-4159-9BF2-B991A83A5AFC}.Debug|x64.Build.0 = Debug|x64
		{CA15837C-79F6-4159-9BF2-B991A83A5AFC}.Debug|x86.ActiveCfg = Debug|Win32
		{CA15837C-79F6-4159-9BF2-B991A83A5AFC}.Debug|x86.Build.0 = Debug|Win32
		{CA15837C-79F6-4159-9BF2-B991A83A5AFC}.Release|x64.ActiveCfg = Release|x64
		{CA15837C-79F6-4159-9BF2-B991A83A5AFC}.Release|x64.Build.0 = Release|x64
		{CA15837C-79F6-4159-9BF2-B991A83A5AFC}.Release|x86.ActiveCfg = Release|Win32
		{CA15837C-79F6-4159-9BF2-B991A83A5AFC}.Release|x86.Build.0 = Release|Win32
	EndGlobalSection
	GlobalSection(SolutionProperties) = preSolution
		HideSolutionNode = FALSE
	EndGlobalSection
	GlobalSection(ExtensibilityGlobals) = postSolution
		SolutionGuid = {B21565ED-2CAE-4F43-865A-D7262DB0A78B}
	EndGlobalSection
EndGlobal
